
Microsoft Visual Studio Solution File, Format Version 12.00
# Visual Studio Version 16
VisualStudioVersion = 16.0.35325.158
MinimumVisualStudioVersion = 10.0.40219.1
Project("{FAE04EC0-301F-11D3-BF4B-00C04F79EFBC}") = "Project_IRMS", "Project_IRMS.csproj", "{A9C443C9-4403-45BF-AD08-A44B6841553B}"
EndProject
Project("{FAE04EC0-301F-11D3-BF4B-00C04F79EFBC}") = "Project_IRMS.Buisness", "Project_IRMS.Buisness\Project_IRMS.Buisness.csproj", "{DE4FEE3D-D119-45FA-81AD-20702A1D591B}"
EndProject
Project("{FAE04EC0-301F-11D3-BF4B-00C04F79EFBC}") = "Project_IRMS.Data", "Project_IRMS.Data\Project_IRMS.Data.csproj", "{086396C8-DC07-4176-A905-6D3778DAAD23}"
EndProject
Project("{FAE04EC0-301F-11D3-BF4B-00C04F79EFBC}") = "Project_IRMS.Models", "Project_IRMS.Models\Project_IRMS.Models.csproj", "{AE826EC1-89CD-4FFF-B612-C7D7AFFE70EA}"
EndProject
Project("{FAE04EC0-301F-11D3-BF4B-00C04F79EFBC}") = "Project_IRMS.Common", "..\Project_IRMS.Common\Project_IRMS.Common.csproj", "{01E3E4E2-626D-45AA-A31A-95B1A70FA530}"
EndProject
Global
	GlobalSection(SolutionConfigurationPlatforms) = preSolution
		Debug|Any CPU = Debug|Any CPU
		Release|Any CPU = Release|Any CPU
	EndGlobalSection
	GlobalSection(ProjectConfigurationPlatforms) = postSolution
		{A9C443C9-4403-45BF-AD08-A44B6841553B}.Debug|Any CPU.ActiveCfg = Debug|Any CPU
		{A9C443C9-4403-45BF-AD08-A44B6841553B}.Debug|Any CPU.Build.0 = Debug|Any CPU
		{A9C443C9-4403-45BF-AD08-A44B6841553B}.Release|Any CPU.ActiveCfg = Release|Any CPU
		{A9C443C9-4403-45BF-AD08-A44B6841553B}.Release|Any CPU.Build.0 = Release|Any CPU
		{DE4FEE3D-D119-45FA-81AD-20702A1D591B}.Debug|Any CPU.ActiveCfg = Debug|Any CPU
		{DE4FEE3D-D119-45FA-81AD-20702A1D591B}.Debug|Any CPU.Build.0 = Debug|Any CPU
		{DE4FEE3D-D119-45FA-81AD-20702A1D591B}.Release|Any CPU.ActiveCfg = Release|Any CPU
		{DE4FEE3D-D119-45FA-81AD-20702A1D591B}.Release|Any CPU.Build.0 = Release|Any CPU
		{086396C8-DC07-4176-A905-6D3778DAAD23}.Debug|Any CPU.ActiveCfg = Debug|Any CPU
		{086396C8-DC07-4176-A905-6D3778DAAD23}.Debug|Any CPU.Build.0 = Debug|Any CPU
		{086396C8-DC07-4176-A905-6D3778DAAD23}.Release|Any CPU.ActiveCfg = Release|Any CPU
		{086396C8-DC07-4176-A905-6D3778DAAD23}.Release|Any CPU.Build.0 = Release|Any CPU
		{AE826EC1-89CD-4FFF-B612-C7D7AFFE70EA}.Debug|Any CPU.ActiveCfg = Debug|Any CPU
		{AE826EC1-89CD-4FFF-B612-C7D7AFFE70EA}.Debug|Any CPU.Build.0 = Debug|Any CPU
		{AE826EC1-89CD-4FFF-B612-C7D7AFFE70EA}.Release|Any CPU.ActiveCfg = Release|Any CPU
		{AE826EC1-89CD-4FFF-B612-C7D7AFFE70EA}.Release|Any CPU.Build.0 = Release|Any CPU
		{01E3E4E2-626D-45AA-A31A-95B1A70FA530}.Debug|Any CPU.ActiveCfg = Debug|Any CPU
		{01E3E4E2-626D-45AA-A31A-95B1A70FA530}.Debug|Any CPU.Build.0 = Debug|Any CPU
		{01E3E4E2-626D-45AA-A31A-95B1A70FA530}.Release|Any CPU.ActiveCfg = Release|Any CPU
		{01E3E4E2-626D-45AA-A31A-95B1A70FA530}.Release|Any CPU.Build.0 = Release|Any CPU
	EndGlobalSection
	GlobalSection(SolutionProperties) = preSolution
		HideSolutionNode = FALSE
	EndGlobalSection
	GlobalSection(ExtensibilityGlobals) = postSolution
		SolutionGuid = {4BC3C0FF-28F8-4666-90C3-BA68F84DABAD}
	EndGlobalSection
EndGlobal
